
Microsoft Visual Studio Solution File, Format Version 12.00
# Visual Studio Version 17
VisualStudioVersion = 17.0.31903.59
MinimumVisualStudioVersion = 10.0.40219.1
Project("{2150E333-8FDC-42A3-9474-1A3956D46DE8}") = "src", "src", "{827E0CD3-B72D-47B6-A68D-7590B98EB39B}"
EndProject
Project("{FAE04EC0-301F-11D3-BF4B-00C04F79EFBC}") = "SalesService.Api", "src\SalesService.Api\SalesService.Api.csproj", "{84CE7D75-563F-4C22-8157-5FCB80D17B12}"
EndProject
Project("{FAE04EC0-301F-11D3-BF4B-00C04F79EFBC}") = "SalesService.Application", "src\SalesService.Application\SalesService.Application.csproj", "{ED43EA9D-8502-43FF-8382-A15C820A6F25}"
EndProject
Project("{FAE04EC0-301F-11D3-BF4B-00C04F79EFBC}") = "SalesService.Domain", "src\SalesService.Domain\SalesService.Domain.csproj", "{D0A851B5-2FD7-4769-AD31-275ADBD60C8D}"
EndProject
Project("{FAE04EC0-301F-11D3-BF4B-00C04F79EFBC}") = "SalesService.Infrastructure", "src\SalesService.Infrastructure\SalesService.Infrastructure.csproj", "{F7C0D501-14A1-4CC3-98A5-C4A78207E356}"
EndProject
Project("{2150E333-8FDC-42A3-9474-1A3956D46DE8}") = "tests", "tests", "{0AB3BF05-4346-4AA6-1389-037BE0695223}"
EndProject
Project("{FAE04EC0-301F-11D3-BF4B-00C04F79EFBC}") = "SalesService.Tests", "tests\SalesService.Tests.csproj", "{97D83B15-3FB8-4CC4-AAF1-CE74E4D02AE6}"
EndProject
Global
	GlobalSection(SolutionConfigurationPlatforms) = preSolution
		Debug|Any CPU = Debug|Any CPU
		Debug|x64 = Debug|x64
		Debug|x86 = Debug|x86
		Release|Any CPU = Release|Any CPU
		Release|x64 = Release|x64
		Release|x86 = Release|x86
	EndGlobalSection
	GlobalSection(ProjectConfigurationPlatforms) = postSolution
		{84CE7D75-563F-4C22-8157-5FCB80D17B12}.Debug|Any CPU.ActiveCfg = Debug|Any CPU
		{84CE7D75-563F-4C22-8157-5FCB80D17B12}.Debug|Any CPU.Build.0 = Debug|Any CPU
		{84CE7D75-563F-4C22-8157-5FCB80D17B12}.Debug|x64.ActiveCfg = Debug|Any CPU
		{84CE7D75-563F-4C22-8157-5FCB80D17B12}.Debug|x64.Build.0 = Debug|Any CPU
		{84CE7D75-563F-4C22-8157-5FCB80D17B12}.Debug|x86.ActiveCfg = Debug|Any CPU
		{84CE7D75-563F-4C22-8157-5FCB80D17B12}.Debug|x86.Build.0 = Debug|Any CPU
		{84CE7D75-563F-4C22-8157-5FCB80D17B12}.Release|Any CPU.ActiveCfg = Release|Any CPU
		{84CE7D75-563F-4C22-8157-5FCB80D17B12}.Release|Any CPU.Build.0 = Release|Any CPU
		{84CE7D75-563F-4C22-8157-5FCB80D17B12}.Release|x64.ActiveCfg = Release|Any CPU
		{84CE7D75-563F-4C22-8157-5FCB80D17B12}.Release|x64.Build.0 = Release|Any CPU
		{84CE7D75-563F-4C22-8157-5FCB80D17B12}.Release|x86.ActiveCfg = Release|Any CPU
		{84CE7D75-563F-4C22-8157-5FCB80D17B12}.Release|x86.Build.0 = Release|Any CPU
		{ED43EA9D-8502-43FF-8382-A15C820A6F25}.Debug|Any CPU.ActiveCfg = Debug|Any CPU
		{ED43EA9D-8502-43FF-8382-A15C820A6F25}.Debug|Any CPU.Build.0 = Debug|Any CPU
		{ED43EA9D-8502-43FF-8382-A15C820A6F25}.Debug|x64.ActiveCfg = Debug|Any CPU
		{ED43EA9D-8502-43FF-8382-A15C820A6F25}.Debug|x64.Build.0 = Debug|Any CPU
		{ED43EA9D-8502-43FF-8382-A15C820A6F25}.Debug|x86.ActiveCfg = Debug|Any CPU
		{ED43EA9D-8502-43FF-8382-A15C820A6F25}.Debug|x86.Build.0 = Debug|Any CPU
		{ED43EA9D-8502-43FF-8382-A15C820A6F25}.Release|Any CPU.ActiveCfg = Release|Any CPU
		{ED43EA9D-8502-43FF-8382-A15C820A6F25}.Release|Any CPU.Build.0 = Release|Any CPU
		{ED43EA9D-8502-43FF-8382-A15C820A6F25}.Release|x64.ActiveCfg = Release|Any CPU
		{ED43EA9D-8502-43FF-8382-A15C820A6F25}.Release|x64.Build.0 = Release|Any CPU
		{ED43EA9D-8502-43FF-8382-A15C820A6F25}.Release|x86.ActiveCfg = Release|Any CPU
		{ED43EA9D-8502-43FF-8382-A15C820A6F25}.Release|x86.Build.0 = Release|Any CPU
		{D0A851B5-2FD7-4769-AD31-275ADBD60C8D}.Debug|Any CPU.ActiveCfg = Debug|Any CPU
		{D0A851B5-2FD7-4769-AD31-275ADBD60C8D}.Debug|Any CPU.Build.0 = Debug|Any CPU
		{D0A851B5-2FD7-4769-AD31-275ADBD60C8D}.Debug|x64.ActiveCfg = Debug|Any CPU
		{D0A851B5-2FD7-4769-AD31-275ADBD60C8D}.Debug|x64.Build.0 = Debug|Any CPU
		{D0A851B5-2FD7-4769-AD31-275ADBD60C8D}.Debug|x86.ActiveCfg = Debug|Any CPU
		{D0A851B5-2FD7-4769-AD31-275ADBD60C8D}.Debug|x86.Build.0 = Debug|Any CPU
		{D0A851B5-2FD7-4769-AD31-275ADBD60C8D}.Release|Any CPU.ActiveCfg = Release|Any CPU
		{D0A851B5-2FD7-4769-AD31-275ADBD60C8D}.Release|Any CPU.Build.0 = Release|Any CPU
		{D0A851B5-2FD7-4769-AD31-275ADBD60C8D}.Release|x64.ActiveCfg = Release|Any CPU
		{D0A851B5-2FD7-4769-AD31-275ADBD60C8D}.Release|x64.Build.0 = Release|Any CPU
		{D0A851B5-2FD7-4769-AD31-275ADBD60C8D}.Release|x86.ActiveCfg = Release|Any CPU
		{D0A851B5-2FD7-4769-AD31-275ADBD60C8D}.Release|x86.Build.0 = Release|Any CPU
		{F7C0D501-14A1-4CC3-98A5-C4A78207E356}.Debug|Any CPU.ActiveCfg = Debug|Any CPU
		{F7C0D501-14A1-4CC3-98A5-C4A78207E356}.Debug|Any CPU.Build.0 = Debug|Any CPU
		{F7C0D501-14A1-4CC3-98A5-C4A78207E356}.Debug|x64.ActiveCfg = Debug|Any CPU
		{F7C0D501-14A1-4CC3-98A5-C4A78207E356}.Debug|x64.Build.0 = Debug|Any CPU
		{F7C0D501-14A1-4CC3-98A5-C4A78207E356}.Debug|x86.ActiveCfg = Debug|Any CPU
		{F7C0D501-14A1-4CC3-98A5-C4A78207E356}.Debug|x86.Build.0 = Debug|Any CPU
		{F7C0D501-14A1-4CC3-98A5-C4A78207E356}.Release|Any CPU.ActiveCfg = Release|Any CPU
		{F7C0D501-14A1-4CC3-98A5-C4A78207E356}.Release|Any CPU.Build.0 = Release|Any CPU
		{F7C0D501-14A1-4CC3-98A5-C4A78207E356}.Release|x64.ActiveCfg = Release|Any CPU
		{F7C0D501-14A1-4CC3-98A5-C4A78207E356}.Release|x64.Build.0 = Release|Any CPU
		{F7C0D501-14A1-4CC3-98A5-C4A78207E356}.Release|x86.ActiveCfg = Release|Any CPU
		{F7C0D501-14A1-4CC3-98A5-C4A78207E356}.Release|x86.Build.0 = Release|Any CPU
		{97D83B15-3FB8-4CC4-AAF1-CE74E4D02AE6}.Debug|Any CPU.ActiveCfg = Debug|Any CPU
		{97D83B15-3FB8-4CC4-AAF1-CE74E4D02AE6}.Debug|Any CPU.Build.0 = Debug|Any CPU
		{97D83B15-3FB8-4CC4-AAF1-CE74E4D02AE6}.Debug|x64.ActiveCfg = Debug|Any CPU
		{97D83B15-3FB8-4CC4-AAF1-CE74E4D02AE6}.Debug|x64.Build.0 = Debug|Any CPU
		{97D83B15-3FB8-4CC4-AAF1-CE74E4D02AE6}.Debug|x86.ActiveCfg = Debug|Any CPU
		{97D83B15-3FB8-4CC4-AAF1-CE74E4D02AE6}.Debug|x86.Build.0 = Debug|Any CPU
		{97D83B15-3FB8-4CC4-AAF1-CE74E4D02AE6}.Release|Any CPU.ActiveCfg = Release|Any CPU
		{97D83B15-3FB8-4CC4-AAF1-CE74E4D02AE6}.Release|Any CPU.Build.0 = Release|Any CPU
		{97D83B15-3FB8-4CC4-AAF1-CE74E4D02AE6}.Release|x64.ActiveCfg = Release|Any CPU
		{97D83B15-3FB8-4CC4-AAF1-CE74E4D02AE6}.Release|x64.Build.0 = Release|Any CPU
		{97D83B15-3FB8-4CC4-AAF1-CE74E4D02AE6}.Release|x86.ActiveCfg = Release|Any CPU
		{97D83B15-3FB8-4CC4-AAF1-CE74E4D02AE6}.Release|x86.Build.0 = Release|Any CPU
	EndGlobalSection
	GlobalSection(SolutionProperties) = preSolution
		HideSolutionNode = FALSE
	EndGlobalSection
	GlobalSection(NestedProjects) = preSolution
		{84CE7D75-563F-4C22-8157-5FCB80D17B12} = {827E0CD3-B72D-47B6-A68D-7590B98EB39B}
		{ED43EA9D-8502-43FF-8382-A15C820A6F25} = {827E0CD3-B72D-47B6-A68D-7590B98EB39B}
		{D0A851B5-2FD7-4769-AD31-275ADBD60C8D} = {827E0CD3-B72D-47B6-A68D-7590B98EB39B}
		{F7C0D501-14A1-4CC3-98A5-C4A78207E356} = {827E0CD3-B72D-47B6-A68D-7590B98EB39B}
		{97D83B15-3FB8-4CC4-AAF1-CE74E4D02AE6} = {0AB3BF05-4346-4AA6-1389-037BE0695223}
	EndGlobalSection
EndGlobal
